{
  "name": "cdk-solution-helper",
  "version": "0.1.0",
  "lockfileVersion": 2,
  "requires": true,
  "packages": {
    "": {
      "name": "cdk-solution-helper",
      "version": "0.1.0",
      "license": "Apache-2.0",
      "dependencies": {
        "fs": "^0.0.2"
      }
    },
    "node_modules/fs": {
      "version": "0.0.2",
      "resolved": "https://registry.npmjs.org/fs/-/fs-0.0.2.tgz",
      "integrity": "sha1-4fJE7zkzwbKmS9R5kTYGDQ9ZFPg="
    }
  },
  "dependencies": {
    "fs": {
      "version": "0.0.2",
      "resolved": "https://registry.npmjs.org/fs/-/fs-0.0.2.tgz",
      "integrity": "sha1-4fJE7zkzwbKmS9R5kTYGDQ9ZFPg="
    }
  }
}
